<Project xmlns="http://schemas.microsoft.com/developer/msbuild/2003">
    <PropertyGroup>
        <ProjectGuid>{A13D2BDB-9454-4C94-9057-2A32557C516F}</ProjectGuid>
        <ProjectVersion>15.4</ProjectVersion>
        <FrameworkType>None</FrameworkType>
        <Base>True</Base>
        <Config Condition="'$(Config)'==''">Debug</Config>
        <Platform Condition="'$(Platform)'==''">Win32</Platform>
        <TargetedPlatforms>1</TargetedPlatforms>
        <AppType>Console</AppType>
        <MainSource>SQLBuilder4DParserTests.dpr</MainSource>
    </PropertyGroup>
    <PropertyGroup Condition="'$(Config)'=='Base' or '$(Base)'!=''">
        <Base>true</Base>
    </PropertyGroup>
    <PropertyGroup Condition="('$(Platform)'=='Win32' and '$(Base)'=='true') or '$(Base_Win32)'!=''">
        <Base_Win32>true</Base_Win32>
        <CfgParent>Base</CfgParent>
        <Base>true</Base>
    </PropertyGroup>
    <PropertyGroup Condition="('$(Platform)'=='Win64' and '$(Base)'=='true') or '$(Base_Win64)'!=''">
        <Base_Win64>true</Base_Win64>
        <CfgParent>Base</CfgParent>
        <Base>true</Base>
    </PropertyGroup>
    <PropertyGroup Condition="'$(Config)'=='Debug' or '$(Cfg_1)'!=''">
        <Cfg_1>true</Cfg_1>
        <CfgParent>Base</CfgParent>
        <Base>true</Base>
    </PropertyGroup>
    <PropertyGroup Condition="('$(Platform)'=='Win32' and '$(Cfg_1)'=='true') or '$(Cfg_1_Win32)'!=''">
        <Cfg_1_Win32>true</Cfg_1_Win32>
        <CfgParent>Cfg_1</CfgParent>
        <Cfg_1>true</Cfg_1>
        <Base>true</Base>
    </PropertyGroup>
    <PropertyGroup Condition="'$(Config)'=='Release' or '$(Cfg_2)'!=''">
        <Cfg_2>true</Cfg_2>
        <CfgParent>Base</CfgParent>
        <Base>true</Base>
    </PropertyGroup>
    <PropertyGroup Condition="'$(Base)'!=''">
        <SanitizedProjectName>SQLBuilder4DParserTests</SanitizedProjectName>
        <DCC_DcpOutput>.\$(Platform)\$(Config)\dcp</DCC_DcpOutput>
        <DCC_BplOutput>.\$(Platform)\$(Config)\pkg</DCC_BplOutput>
        <VerInfo_Keys>CompanyName=;FileDescription=;FileVersion=1.0.0.0;InternalName=;LegalCopyright=;LegalTrademarks=;OriginalFilename=;ProductName=;ProductVersion=1.0.0.0;Comments=</VerInfo_Keys>
        <VerInfo_Locale>1046</VerInfo_Locale>
        <DCC_UnitSearchPath>$(BDS)\Source\DUnit\src;..\dependencies\gaSQLParser\src\;$(DCC_UnitSearchPath)</DCC_UnitSearchPath>
        <DCC_Define>_CONSOLE_TESTRUNNER;$(DCC_Define)</DCC_Define>
        <Manifest_File>None</Manifest_File>
        <DCC_Namespace>System;Xml;Data;Datasnap;Web;Soap;Vcl;Vcl.Imaging;Vcl.Touch;Vcl.Samples;Vcl.Shell;$(DCC_Namespace)</DCC_Namespace>
        <DCC_DcuOutput>.\$(Platform)\$(Config)\dcu</DCC_DcuOutput>
        <DCC_ExeOutput>.\$(Platform)\$(Config)</DCC_ExeOutput>
        <DCC_E>false</DCC_E>
        <DCC_N>false</DCC_N>
        <DCC_S>false</DCC_S>
        <DCC_F>false</DCC_F>
        <DCC_K>false</DCC_K>
    </PropertyGroup>
    <PropertyGroup Condition="'$(Base_Win32)'!=''">
        <DCC_UsePackage>cxTreeListRS20;JvGlobus;cxSchedulerTreeBrowserRS20;dxTileControlRS20;JvMM;cxGridRS20;dxFireDACServerModeRS20;rbRTL1520;ipstudiowindataset;JvManagedThreads;pgprovider200;dxPScxExtCommonRS20;dxPSdxLCLnkRS20;dxSkinOffice2007SilverRS20;cxPageControlRS20;dxPSdxSpreadSheetLnkRS20;RtmRxCtl200;FireDACPgDriver;accessprovider200;dclRBADO1520;JvCrypt;DBXInterBaseDriver;DataSnapServer;DataSnapCommon;JvNet;Rave110VCL;dxSkinsdxBarPainterRS20;JvDotNetCtrls;TeeUI920;dxSkinSharpRS20;DbxCommonDriver;dxLayoutControlRS20;vclimg;dxSkinSilverRS20;dclRBIBE1520;dbxcds;dxSkinsdxNavBarPainterRS20;DatasnapConnectorsFreePascal;FMXTee920;JvXPCtrls;dbfprovider200;dxPSCoreRS20;dxSkinOffice2013LightGrayRS20;vcldb;dxPSTeeChartRS20;odbcprovider200;dxSkinOffice2013WhiteRS20;rbRCL1520;dxSkinMcSkinRS20;rbFireDAC1520;CustomIPTransport;rbDIDE1520;dsnap;IndyIPServer;FMXTeeLanguage920;dxSkinCoffeeRS20;IndyCore;dxSkinGlassOceansRS20;dxSkinOffice2010SilverRS20;ACBr_MDFe;dxComnRS20;CloudService;dxFlowChartRS20;dxSkinOffice2013DarkGrayRS20;dxSkinOffice2007PinkRS20;FireDACIBDriver;dxDBXServerModeRS20;cxTreeListdxBarPopupMenuRS20;dxSkinSpringTimeRS20;ACBr_NFe2;dxPsPrVwAdvRS20;ipstudiowinwordxp;JvDB;JvRuntimeDesign;dxPScxGridLnkRS20;dxSkinDevExpressDarkStyleRS20;dxSkiniMaginaryRS20;cxSchedulerGridRS20;fsIBX20;dxtrmdRS20;dsnapxml;JclDeveloperTools;FireDACDb2Driver;dxSpreadSheetRS20;dxSkinMoneyTwinsRS20;dxSkinOffice2007GreenRS20;dxPScxTLLnkRS20;ACBrNFeDanfeRVCodeBase;cxPivotGridOLAPRS20;dxPSdxFCLnkRS20;rbBDE1520;CPortLib20;TeeTree2D20Tee9;bindcompfmx;TeeMaker120;frx20;ACBr_PAF;vcldbx;rbDBE1520;FireDACODBCDriver;RESTBackendComponents;rbRAP1520;dbrtl;FireDACCommon;bindcomp;inetdb;JvPluginSystem;DBXOdbcDriver;JvCmp;vclFireDAC;JvTimeFramework;xmlrtl;cxSpreadSheetRS20;ibxpress;rbDBDE1520;Tee920;dxPScxSSLnkRS20;dxSkinOffice2007BlackRS20;FireDACCommonDriver;bindengine;vclactnband;soaprtl;ACBrComum;dxGDIPlusRS20;bindcompvcl;synapse;Jcl;vclie;cxVerticalGridRS20;cxSchedulerRS20;ACBr_TEFD;dxSkinBlackRS20;dclRBE1520;ACBrNFeDanfeRV;dclRBDBE1520;TeeWorld920;FireDACMSSQLDriver;DBXInformixDriver;dxSkinSummer2008RS20;Intraweb;cxBarEditItemRS20;DataSnapServerMidas;ipstudiowinclient;dsnapcon;DBXFirebirdDriver;PCN2;inet;dxBarRS20;cxDataRS20;dxSkinDarkSideRS20;JvPascalInterpreter;FireDACMySQLDriver;soapmidas;vclx;dxPScxVGridLnkRS20;dxSkinLondonLiquidSkyRS20;rbTC1520;dxCoreRS20;DBXSybaseASADriver;RESTComponents;dxPSPrVwRibbonRS20;dbexpress;dxPSLnksRS20;JvBDE;frxcs20;IndyIPClient;dxBarExtItemsRS20;dxSpellCheckerRS20;RtmRxDB200;TeeGL920;frxIBX20;dxdbtrRS20;FireDACSqliteDriver;FireDACDSDriver;cxSchedulerRibbonStyleEventEditorRS20;DBXSqliteDriver;ACBrDiversos;ACBrTCP;TeeLanguage920;fmx;dxSkinVS2010RS20;JvDlgs;IndySystem;dxPScxPCProdRS20;rbDAD1520;tethering;dxSkinXmas2008BlueRS20;rbTDBC1520;inetdbbde;vclib;DataSnapClient;TeeDB920;dxTabbedMDIRS20;dxmdsRS20;DataSnapProviderClient;DBXSybaseASEDriver;dxdborRS20;crcontrols200;dxPSdxDBTVLnkRS20;FmxTeeUI920;fsBDE20;MetropolisUILiveTile;rbIDE1520;dxPScxSchedulerLnkRS20;dxSkinCaramelRS20;dxSkinLiquidSkyRS20;rbRIDE1520;vcldsnap;rbDB1520;dxGaugeControlRS20;dxSkinDevExpressStyleRS20;fmxFireDAC;dacvcl200;DBXDb2Driver;cxPivotGridChartRS20;DBXOracleDriver;dxSkinOffice2010BlueRS20;JvCore;dcldxSkinsCoreRS20;vclribbon;adsprovider200;dxServerModeRS20;cxExportRS20;dxSkinscxSchedulerPainterRS20;dxSkinMetropolisDarkRS20;fmxase;vcl;dacfmx200;ACBr_SPED;DBXMSSQLDriver;IndyIPCommon;CodeSiteExpressPkg;TeeImage920;dxSkinBlueRS20;dxSkinsdxDLPainterRS20;DataSnapFireDAC;FireDACDBXDriver;dxBarExtDBItemsRS20;JvAppFrm;soapserver;dxSkinOffice2010BlackRS20;dxPSDBTeeChartRS20;rbUSER1520;inetdbxpress;fsTee20;RtmRxBDE200;dxADOServerModeRS20;dxSkinBlueprintRS20;dxSkinFoggyRS20;FireDACInfxDriver;dxSkinSharpPlusRS20;JSay;cxPivotGridRS20;ACBr_Boleto;ACBr_Sintegra;ACBr_NFSe;JvDocking;adortl;FMXTeePro920;frxDB20;TeePro920;JvWizards;rbADO1520;dclRBFireDAC1520;dxRibbonRS20;FireDACASADriver;dxSkinHighContrastRS20;JvHMI;aseprovider200;dxSkinTheAsphaltWorldRS20;ACBrOpenSSL;JvBands;QR506RunDXE6;fsADO20;dxBarDBNavRS20;dxSkinscxPCPainterRS20;ACBrCapicom;ACBr_BoletoFC_FR;rtl;ACBrSerial;DbxClientDriver;dxSkinMetropolisRS20;dxNavBarRS20;dac200;dxDockingRS20;JclContainers;dxSkinOffice2007BlueRS20;rbIBE1520;dxSkinsdxRibbonPainterRS20;ACBr_CTe;frxDBX20;dclRBBDE1520;JvSystem;dxSkinValentineRS20;DataSnapNativeClient;svnui;fcstudiowin;JvControls;IndyProtocols;DBXMySQLDriver;FMXTeeDB920;dxPScxCommonRS20;frxBDE20;dxSkinPumpkinRS20;dxSkinSevenClassicRS20;bindcompdbx;JvJans;JvPrintPreview;ipstudiowin;JvPageComps;JvStdCtrls;JvCustom;db2provider200;unidacvcl200;ibprovider200;rbTCUI1520;unidacfmx200;FireDACADSDriver;vcltouch;dxSkinDarkRoomRS20;dxSkinStardustRS20;unidac200;myprovider200;cxEditorsRS20;dxorgcRS20;dxPSdxDBOCLnkRS20;ACBrNFSeDanfseFRpkg;VclSmp;FireDAC;VCLRESTComponents;dxSkinsCoreRS20;DataSnapConnectors;dxSkinSevenRS20;gbCob;fsDB20;ACBrNFeDanfeFRpkg;rbCIDE1520;cxLibraryRS20;fmxobj;rbUSERDesign1520;JclVcl;dxMapControlRS20;ACBrMDFeDAMDFEFRpkg;fs20;svn;dxWizardControlRS20;dxSkinLilianRS20;FireDACOracleDriver;fmxdae;dxPScxPivotGridLnkRS20;dxSkinWhiteprintRS20;bdertl;dxThemeRS20;dxPSdxOCLnkRS20;ACBrCTeDacteFRpkg;frxADO20;FireDACMSAccDriver;DataSnapIndy10ServerTransport;frxe20;$(DCC_UsePackage)</DCC_UsePackage>
        <VerInfo_Locale>1033</VerInfo_Locale>
        <DCC_Namespace>Winapi;System.Win;Data.Win;Datasnap.Win;Web.Win;Soap.Win;Xml.Win;Bde;$(DCC_Namespace)</DCC_Namespace>
        <VerInfo_Keys>CompanyName=;FileDescription=;FileVersion=1.0.0.0;InternalName=;LegalCopyright=;LegalTrademarks=;OriginalFilename=;ProductName=;ProductVersion=1.0.0.0;Comments=</VerInfo_Keys>
    </PropertyGroup>
    <PropertyGroup Condition="'$(Base_Win64)'!=''">
        <DCC_UsePackage>cxTreeListRS20;cxSchedulerTreeBrowserRS20;dxTileControlRS20;cxGridRS20;dxFireDACServerModeRS20;pgprovider200;dxPScxExtCommonRS20;dxPSdxLCLnkRS20;dxSkinOffice2007SilverRS20;cxPageControlRS20;dxPSdxSpreadSheetLnkRS20;FireDACPgDriver;DBXInterBaseDriver;DataSnapServer;DataSnapCommon;dxSkinsdxBarPainterRS20;dxSkinSharpRS20;DbxCommonDriver;dxLayoutControlRS20;vclimg;dxSkinSilverRS20;dbxcds;dxSkinsdxNavBarPainterRS20;DatasnapConnectorsFreePascal;dxPSCoreRS20;dxSkinOffice2013LightGrayRS20;vcldb;dxSkinOffice2013WhiteRS20;dxSkinMcSkinRS20;CustomIPTransport;dsnap;IndyIPServer;dxSkinCoffeeRS20;IndyCore;dxSkinGlassOceansRS20;dxSkinOffice2010SilverRS20;dxComnRS20;CloudService;dxFlowChartRS20;dxSkinOffice2013DarkGrayRS20;dxSkinOffice2007PinkRS20;FireDACIBDriver;dxDBXServerModeRS20;cxTreeListdxBarPopupMenuRS20;dxSkinSpringTimeRS20;dxPsPrVwAdvRS20;dxPScxGridLnkRS20;dxSkinDevExpressDarkStyleRS20;dxSkiniMaginaryRS20;cxSchedulerGridRS20;dxtrmdRS20;dsnapxml;FireDACDb2Driver;dxSpreadSheetRS20;dxSkinMoneyTwinsRS20;dxSkinOffice2007GreenRS20;dxPScxTLLnkRS20;cxPivotGridOLAPRS20;dxPSdxFCLnkRS20;bindcompfmx;FireDACODBCDriver;RESTBackendComponents;dbrtl;FireDACCommon;bindcomp;inetdb;DBXOdbcDriver;vclFireDAC;xmlrtl;cxSpreadSheetRS20;ibxpress;dxPScxSSLnkRS20;dxSkinOffice2007BlackRS20;FireDACCommonDriver;bindengine;vclactnband;soaprtl;dxGDIPlusRS20;bindcompvcl;vclie;cxVerticalGridRS20;cxSchedulerRS20;dxSkinBlackRS20;FireDACMSSQLDriver;DBXInformixDriver;dxSkinSummer2008RS20;Intraweb;cxBarEditItemRS20;DataSnapServerMidas;ipstudiowinclient;dsnapcon;DBXFirebirdDriver;inet;dxBarRS20;cxDataRS20;dxSkinDarkSideRS20;FireDACMySQLDriver;soapmidas;vclx;dxPScxVGridLnkRS20;dxSkinLondonLiquidSkyRS20;dxCoreRS20;DBXSybaseASADriver;RESTComponents;dxPSPrVwRibbonRS20;dbexpress;dxPSLnksRS20;IndyIPClient;dxBarExtItemsRS20;dxSpellCheckerRS20;dxdbtrRS20;FireDACSqliteDriver;FireDACDSDriver;cxSchedulerRibbonStyleEventEditorRS20;DBXSqliteDriver;fmx;dxSkinVS2010RS20;IndySystem;dxPScxPCProdRS20;tethering;dxSkinXmas2008BlueRS20;vclib;DataSnapClient;dxTabbedMDIRS20;dxmdsRS20;DataSnapProviderClient;DBXSybaseASEDriver;dxdborRS20;crcontrols200;dxPSdxDBTVLnkRS20;MetropolisUILiveTile;dxPScxSchedulerLnkRS20;dxSkinCaramelRS20;dxSkinLiquidSkyRS20;vcldsnap;dxGaugeControlRS20;dxSkinDevExpressStyleRS20;fmxFireDAC;dacvcl200;DBXDb2Driver;cxPivotGridChartRS20;DBXOracleDriver;dxSkinOffice2010BlueRS20;dcldxSkinsCoreRS20;vclribbon;dxServerModeRS20;cxExportRS20;dxSkinscxSchedulerPainterRS20;dxSkinMetropolisDarkRS20;fmxase;vcl;dacfmx200;DBXMSSQLDriver;IndyIPCommon;dxSkinBlueRS20;dxSkinsdxDLPainterRS20;DataSnapFireDAC;FireDACDBXDriver;dxBarExtDBItemsRS20;soapserver;dxSkinOffice2010BlackRS20;inetdbxpress;dxADOServerModeRS20;dxSkinBlueprintRS20;dxSkinFoggyRS20;FireDACInfxDriver;dxSkinSharpPlusRS20;cxPivotGridRS20;adortl;dxRibbonRS20;FireDACASADriver;dxSkinHighContrastRS20;dxSkinTheAsphaltWorldRS20;dxBarDBNavRS20;dxSkinscxPCPainterRS20;rtl;DbxClientDriver;dxSkinMetropolisRS20;dxNavBarRS20;dac200;dxDockingRS20;dxSkinOffice2007BlueRS20;dxSkinsdxRibbonPainterRS20;dxSkinValentineRS20;DataSnapNativeClient;fcstudiowin;IndyProtocols;DBXMySQLDriver;dxPScxCommonRS20;dxSkinPumpkinRS20;dxSkinSevenClassicRS20;bindcompdbx;ipstudiowin;unidacvcl200;unidacfmx200;FireDACADSDriver;vcltouch;dxSkinDarkRoomRS20;dxSkinStardustRS20;unidac200;cxEditorsRS20;dxorgcRS20;dxPSdxDBOCLnkRS20;VclSmp;FireDAC;VCLRESTComponents;dxSkinsCoreRS20;DataSnapConnectors;dxSkinSevenRS20;cxLibraryRS20;fmxobj;dxMapControlRS20;dxWizardControlRS20;dxSkinLilianRS20;FireDACOracleDriver;fmxdae;dxPScxPivotGridLnkRS20;dxSkinWhiteprintRS20;dxThemeRS20;dxPSdxOCLnkRS20;FireDACMSAccDriver;DataSnapIndy10ServerTransport;$(DCC_UsePackage)</DCC_UsePackage>
    </PropertyGroup>
    <PropertyGroup Condition="'$(Cfg_1)'!=''">
        <DCC_Define>DEBUG;$(DCC_Define)</DCC_Define>
        <DCC_DebugDCUs>true</DCC_DebugDCUs>
        <DCC_Optimize>false</DCC_Optimize>
        <DCC_GenerateStackFrames>true</DCC_GenerateStackFrames>
        <DCC_DebugInfoInExe>true</DCC_DebugInfoInExe>
        <DCC_RemoteDebug>true</DCC_RemoteDebug>
    </PropertyGroup>
    <PropertyGroup Condition="'$(Cfg_1_Win32)'!=''">
        <VerInfo_Locale>1033</VerInfo_Locale>
        <Manifest_File>None</Manifest_File>
        <DCC_RemoteDebug>false</DCC_RemoteDebug>
    </PropertyGroup>
    <PropertyGroup Condition="'$(Cfg_2)'!=''">
        <DCC_LocalDebugSymbols>false</DCC_LocalDebugSymbols>
        <DCC_Define>RELEASE;$(DCC_Define)</DCC_Define>
        <DCC_SymbolReferenceInfo>0</DCC_SymbolReferenceInfo>
        <DCC_DebugInformation>0</DCC_DebugInformation>
    </PropertyGroup>
    <ItemGroup>
        <DelphiCompile Include="$(MainSource)">
            <MainSource>MainSource</MainSource>
        </DelphiCompile>
        <DCCReference Include="SQLBuilder4D.Parser.UnitTest.pas"/>
        <DCCReference Include="..\src\SQLBuilder4D.Parser.pas"/>
        <DCCReference Include="..\src\SQLBuilder4D.Parser.GaSQLParser.pas"/>
        <BuildConfiguration Include="Release">
            <Key>Cfg_2</Key>
            <CfgParent>Base</CfgParent>
        </BuildConfiguration>
        <BuildConfiguration Include="Base">
            <Key>Base</Key>
        </BuildConfiguration>
        <BuildConfiguration Include="Debug">
            <Key>Cfg_1</Key>
            <CfgParent>Base</CfgParent>
        </BuildConfiguration>
    </ItemGroup>
    <ProjectExtensions>
        <Borland.Personality>Delphi.Personality.12</Borland.Personality>
        <Borland.ProjectType/>
        <BorlandProject>
            <Delphi.Personality>
                <Excluded_Packages>
                    <Excluded_Packages Name="$(BDSBIN)\dclofficexp200.bpl">Microsoft Office XP Sample Automation Server Wrapper Components</Excluded_Packages>
                    <Excluded_Packages Name="$(BDSBIN)\dcloffice2k200.bpl">Microsoft Office 2000 Sample Automation Server Wrapper Components</Excluded_Packages>
                </Excluded_Packages>
                <Source>
                    <Source Name="MainSource">SQLBuilder4DParserTests.dpr</Source>
                </Source>
            </Delphi.Personality>
            <Deployment/>
            <Platforms>
                <Platform value="Win32">True</Platform>
                <Platform value="Win64">False</Platform>
            </Platforms>
            <UnitTesting>
                <TestFramework>DUnit / Delphi Win32</TestFramework>
                <TestRunner>GUI</TestRunner>
                <TestProjectName/>
                <SourceProjectName/>
            </UnitTesting>
        </BorlandProject>
        <ProjectFileVersion>12</ProjectFileVersion>
    </ProjectExtensions>
    <Import Project="$(BDS)\Bin\CodeGear.Delphi.Targets" Condition="Exists('$(BDS)\Bin\CodeGear.Delphi.Targets')"/>
    <Import Project="$(APPDATA)\Embarcadero\$(BDSAPPDATABASEDIR)\$(PRODUCTVERSION)\UserTools.proj" Condition="Exists('$(APPDATA)\Embarcadero\$(BDSAPPDATABASEDIR)\$(PRODUCTVERSION)\UserTools.proj')"/>
</Project>
